// !$*UTF8*$!
{
	archiveVersion = 1;
	classes = {
	};
	objectVersion = 55;
	objects = {

/* Begin PBXBuildFile section */
		183EA3DB28E5BAD20006B8A9 /* PrinterestLayout.swift in Sources */ = {isa = PBXBuildFile; fileRef = 183EA3DA28E5BAD20006B8A9 /* PrinterestLayout.swift */; };
		189DA90328DEFD2700B377C5 /* NoteCellCollectionViewCell.swift in Sources */ = {isa = PBXBuildFile; fileRef = 189DA90228DEFD2700B377C5 /* NoteCellCollectionViewCell.swift */; };
		189DF4F328FC3ECC00317FAF /* DetailNoteViewController.swift in Sources */ = {isa = PBXBuildFile; fileRef = 189DF4F228FC3ECB00317FAF /* DetailNoteViewController.swift */; };
		18A22F3328DD5DD600A77489 /* AppDelegate.swift in Sources */ = {isa = PBXBuildFile; fileRef = 18A22F3228DD5DD600A77489 /* AppDelegate.swift */; };
		18A22F3528DD5DD600A77489 /* SceneDelegate.swift in Sources */ = {isa = PBXBuildFile; fileRef = 18A22F3428DD5DD600A77489 /* SceneDelegate.swift */; };
		18A22F3A28DD5DD600A77489 /* Main.storyboard in Resources */ = {isa = PBXBuildFile; fileRef = 18A22F3828DD5DD600A77489 /* Main.storyboard */; };
		18A22F3D28DD5DD600A77489 /* NoteApp.xcdatamodeld in Sources */ = {isa = PBXBuildFile; fileRef = 18A22F3B28DD5DD600A77489 /* NoteApp.xcdatamodeld */; };
		18A22F3F28DD5DD800A77489 /* Assets.xcassets in Resources */ = {isa = PBXBuildFile; fileRef = 18A22F3E28DD5DD800A77489 /* Assets.xcassets */; };
		18A22F4228DD5DD800A77489 /* LaunchScreen.storyboard in Resources */ = {isa = PBXBuildFile; fileRef = 18A22F4028DD5DD800A77489 /* LaunchScreen.storyboard */; };
		18A22F4D28DD5E4300A77489 /* NoteViewController.swift in Sources */ = {isa = PBXBuildFile; fileRef = 18A22F4C28DD5E4300A77489 /* NoteViewController.swift */; };
		18A22F5628DD603000A77489 /* LoginScreenController.swift in Sources */ = {isa = PBXBuildFile; fileRef = 18A22F5528DD603000A77489 /* LoginScreenController.swift */; };
		5627D7B975FB8C0866A844B8 /* Pods_NoteApp.framework in Frameworks */ = {isa = PBXBuildFile; fileRef = FB0AE567E2D35ECF0CDB3D01 /* Pods_NoteApp.framework */; };
/* End PBXBuildFile section */

/* Begin PBXFileReference section */
		183EA3DA28E5BAD20006B8A9 /* PrinterestLayout.swift */ = {isa = PBXFileReference; lastKnownFileType = sourcecode.swift; path = PrinterestLayout.swift; sourceTree = "<group>"; };
		189DA90228DEFD2700B377C5 /* NoteCellCollectionViewCell.swift */ = {isa = PBXFileReference; lastKnownFileType = sourcecode.swift; path = NoteCellCollectionViewCell.swift; sourceTree = "<group>"; };
		189DF4F228FC3ECB00317FAF /* DetailNoteViewController.swift */ = {isa = PBXFileReference; lastKnownFileType = sourcecode.swift; path = DetailNoteViewController.swift; sourceTree = "<group>"; };
		18A22F2F28DD5DD600A77489 /* NoteApp.app */ = {isa = PBXFileReference; explicitFileType = wrapper.application; includeInIndex = 0; path = NoteApp.app; sourceTree = BUILT_PRODUCTS_DIR; };
		18A22F3228DD5DD600A77489 /* AppDelegate.swift */ = {isa = PBXFileReference; lastKnownFileType = sourcecode.swift; path = AppDelegate.swift; sourceTree = "<group>"; };
		18A22F3428DD5DD600A77489 /* SceneDelegate.swift */ = {isa = PBXFileReference; lastKnownFileType = sourcecode.swift; path = SceneDelegate.swift; sourceTree = "<group>"; };
		18A22F3928DD5DD600A77489 /* Base */ = {isa = PBXFileReference; lastKnownFileType = file.storyboard; name = Base; path = Base.lproj/Main.storyboard; sourceTree = "<group>"; };
		18A22F3C28DD5DD600A77489 /* NoteApp.xcdatamodel */ = {isa = PBXFileReference; lastKnownFileType = wrapper.xcdatamodel; path = NoteApp.xcdatamodel; sourceTree = "<group>"; };
		18A22F3E28DD5DD800A77489 /* Assets.xcassets */ = {isa = PBXFileReference; lastKnownFileType = folder.assetcatalog; path = Assets.xcassets; sourceTree = "<group>"; };
		18A22F4128DD5DD800A77489 /* Base */ = {isa = PBXFileReference; lastKnownFileType = file.storyboard; name = Base; path = Base.lproj/LaunchScreen.storyboard; sourceTree = "<group>"; };
		18A22F4328DD5DD800A77489 /* Info.plist */ = {isa = PBXFileReference; lastKnownFileType = text.plist.xml; path = Info.plist; sourceTree = "<group>"; };
		18A22F4C28DD5E4300A77489 /* NoteViewController.swift */ = {isa = PBXFileReference; lastKnownFileType = sourcecode.swift; name = NoteViewController.swift; path = ../../AnimationTest/AnimationTest/NoteViewController.swift; sourceTree = "<group>"; };
		18A22F5528DD603000A77489 /* LoginScreenController.swift */ = {isa = PBXFileReference; lastKnownFileType = sourcecode.swift; path = LoginScreenController.swift; sourceTree = "<group>"; };
		6E6135A5523EE2787771A2D6 /* Pods-NoteApp.debug.xcconfig */ = {isa = PBXFileReference; includeInIndex = 1; lastKnownFileType = text.xcconfig; name = "Pods-NoteApp.debug.xcconfig"; path = "Target Support Files/Pods-NoteApp/Pods-NoteApp.debug.xcconfig"; sourceTree = "<group>"; };
		C01BD2C86EC033AD906DE8AC /* Pods-NoteApp.release.xcconfig */ = {isa = PBXFileReference; includeInIndex = 1; lastKnownFileType = text.xcconfig; name = "Pods-NoteApp.release.xcconfig"; path = "Target Support Files/Pods-NoteApp/Pods-NoteApp.release.xcconfig"; sourceTree = "<group>"; };
		FB0AE567E2D35ECF0CDB3D01 /* Pods_NoteApp.framework */ = {isa = PBXFileReference; explicitFileType = wrapper.framework; includeInIndex = 0; path = Pods_NoteApp.framework; sourceTree = BUILT_PRODUCTS_DIR; };
/* End PBXFileReference section */

/* Begin PBXFrameworksBuildPhase section */
		18A22F2C28DD5DD600A77489 /* Frameworks */ = {
			isa = PBXFrameworksBuildPhase;
			buildActionMask = 2147483647;
			files = (
				5627D7B975FB8C0866A844B8 /* Pods_NoteApp.framework in Frameworks */,
			);
			runOnlyForDeploymentPostprocessing = 0;
		};
/* End PBXFrameworksBuildPhase section */

/* Begin PBXGroup section */
		18A22F2628DD5DD600A77489 = {
			isa = PBXGroup;
			children = (
				18A22F3128DD5DD600A77489 /* NoteApp */,
				18A22F3028DD5DD600A77489 /* Products */,
				8C545D3F5A5DEE6971381E50 /* Pods */,
				D81721F207017C195C6DB487 /* Frameworks */,
			);
			sourceTree = "<group>";
		};
		18A22F3028DD5DD600A77489 /* Products */ = {
			isa = PBXGroup;
			children = (
				18A22F2F28DD5DD600A77489 /* NoteApp.app */,
			);
			name = Products;
			sourceTree = "<group>";
		};
		18A22F3128DD5DD600A77489 /* NoteApp */ = {
			isa = PBXGroup;
			children = (
				18A22F3228DD5DD600A77489 /* AppDelegate.swift */,
				18A22F3428DD5DD600A77489 /* SceneDelegate.swift */,
				18A22F4C28DD5E4300A77489 /* NoteViewController.swift */,
				18A22F3828DD5DD600A77489 /* Main.storyboard */,
				18A22F3E28DD5DD800A77489 /* Assets.xcassets */,
				18A22F4028DD5DD800A77489 /* LaunchScreen.storyboard */,
				18A22F4328DD5DD800A77489 /* Info.plist */,
				18A22F3B28DD5DD600A77489 /* NoteApp.xcdatamodeld */,
				18A22F5528DD603000A77489 /* LoginScreenController.swift */,
				189DA90228DEFD2700B377C5 /* NoteCellCollectionViewCell.swift */,
				183EA3DA28E5BAD20006B8A9 /* PrinterestLayout.swift */,
				189DF4F228FC3ECB00317FAF /* DetailNoteViewController.swift */,
			);
			path = NoteApp;
			sourceTree = "<group>";
		};
		8C545D3F5A5DEE6971381E50 /* Pods */ = {
			isa = PBXGroup;
			children = (
				6E6135A5523EE2787771A2D6 /* Pods-NoteApp.debug.xcconfig */,
				C01BD2C86EC033AD906DE8AC /* Pods-NoteApp.release.xcconfig */,
			);
			path = Pods;
			sourceTree = "<group>";
		};
		D81721F207017C195C6DB487 /* Frameworks */ = {
			isa = PBXGroup;
			children = (
				FB0AE567E2D35ECF0CDB3D01 /* Pods_NoteApp.framework */,
			);
			name = Frameworks;
			sourceTree = "<group>";
		};
/* End PBXGroup section */

/* Begin PBXNativeTarget section */
		18A22F2E28DD5DD600A77489 /* NoteApp */ = {
			isa = PBXNativeTarget;
			buildConfigurationList = 18A22F4628DD5DD800A77489 /* Build configuration list for PBXNativeTarget "NoteApp" */;
			buildPhases = (
				6E42548079A50BC237481D5F /* [CP] Check Pods Manifest.lock */,
				18A22F2B28DD5DD600A77489 /* Sources */,
				18A22F2C28DD5DD600A77489 /* Frameworks */,
				18A22F2D28DD5DD600A77489 /* Resources */,
				C708236A8AEBB589A895CCBB /* [CP] Embed Pods Frameworks */,
			);
			buildRules = (
			);
			dependencies = (
			);
			name = NoteApp;
			productName = NoteApp;
			productReference = 18A22F2F28DD5DD600A77489 /* NoteApp.app */;
			productType = "com.apple.product-type.application";
		};
/* End PBXNativeTarget section */

/* Begin PBXProject section */
		18A22F2728DD5DD600A77489 /* Project object */ = {
			isa = PBXProject;
			attributes = {
				BuildIndependentTargetsInParallel = 1;
				LastSwiftUpdateCheck = 1340;
				LastUpgradeCheck = 1340;
				TargetAttributes = {
					18A22F2E28DD5DD600A77489 = {
						CreatedOnToolsVersion = 13.4;
					};
				};
			};
			buildConfigurationList = 18A22F2A28DD5DD600A77489 /* Build configuration list for PBXProject "NoteApp" */;
			compatibilityVersion = "Xcode 13.0";
			developmentRegion = en;
			hasScannedForEncodings = 0;
			knownRegions = (
				en,
				Base,
			);
			mainGroup = 18A22F2628DD5DD600A77489;
			productRefGroup = 18A22F3028DD5DD600A77489 /* Products */;
			projectDirPath = "";
			projectRoot = "";
			targets = (
				18A22F2E28DD5DD600A77489 /* NoteApp */,
			);
		};
/* End PBXProject section */

/* Begin PBXResourcesBuildPhase section */
		18A22F2D28DD5DD600A77489 /* Resources */ = {
			isa = PBXResourcesBuildPhase;
			buildActionMask = 2147483647;
			files = (
				18A22F4228DD5DD800A77489 /* LaunchScreen.storyboard in Resources */,
				18A22F3F28DD5DD800A77489 /* Assets.xcassets in Resources */,
				18A22F3A28DD5DD600A77489 /* Main.storyboard in Resources */,
			);
			runOnlyForDeploymentPostprocessing = 0;
		};
/* End PBXResourcesBuildPhase section */

/* Begin PBXShellScriptBuildPhase section */
		6E42548079A50BC237481D5F /* [CP] Check Pods Manifest.lock */ = {
			isa = PBXShellScriptBuildPhase;
			buildActionMask = 2147483647;
			files = (
			);
			inputFileListPaths = (
			);
			inputPaths = (
				"${PODS_PODFILE_DIR_PATH}/Podfile.lock",
				"${PODS_ROOT}/Manifest.lock",
			);
			name = "[CP] Check Pods Manifest.lock";
			outputFileListPaths = (
			);
			outputPaths = (
				"$(DERIVED_FILE_DIR)/Pods-NoteApp-checkManifestLockResult.txt",
			);
			runOnlyForDeploymentPostprocessing = 0;
			shellPath = /bin/sh;
			shellScript = "diff \"${PODS_PODFILE_DIR_PATH}/Podfile.lock\" \"${PODS_ROOT}/Manifest.lock\" > /dev/null\nif [ $? != 0 ] ; then\n    # print error to STDERR\n    echo \"error: The sandbox is not in sync with the Podfile.lock. Run 'pod install' or update your CocoaPods installation.\" >&2\n    exit 1\nfi\n# This output is used by Xcode 'outputs' to avoid re-running this script phase.\necho \"SUCCESS\" > \"${SCRIPT_OUTPUT_FILE_0}\"\n";
			showEnvVarsInLog = 0;
		};
		C708236A8AEBB589A895CCBB /* [CP] Embed Pods Frameworks */ = {
			isa = PBXShellScriptBuildPhase;
			buildActionMask = 2147483647;
			files = (
			);
			inputFileListPaths = (
				"${PODS_ROOT}/Target Support Files/Pods-NoteApp/Pods-NoteApp-frameworks-${CONFIGURATION}-input-files.xcfilelist",
			);
			name = "[CP] Embed Pods Frameworks";
			outputFileListPaths = (
				"${PODS_ROOT}/Target Support Files/Pods-NoteApp/Pods-NoteApp-frameworks-${CONFIGURATION}-output-files.xcfilelist",
			);
			runOnlyForDeploymentPostprocessing = 0;
			shellPath = /bin/sh;
			shellScript = "\"${PODS_ROOT}/Target Support Files/Pods-NoteApp/Pods-NoteApp-frameworks.sh\"\n";
			showEnvVarsInLog = 0;
		};
/* End PBXShellScriptBuildPhase section */

/* Begin PBXSourcesBuildPhase section */
		18A22F2B28DD5DD600A77489 /* Sources */ = {
			isa = PBXSourcesBuildPhase;
			buildActionMask = 2147483647;
			files = (
				18A22F4D28DD5E4300A77489 /* NoteViewController.swift in Sources */,
				189DF4F328FC3ECC00317FAF /* DetailNoteViewController.swift in Sources */,
				18A22F3328DD5DD600A77489 /* AppDelegate.swift in Sources */,
				183EA3DB28E5BAD20006B8A9 /* PrinterestLayout.swift in Sources */,
				18A22F3528DD5DD600A77489 /* SceneDelegate.swift in Sources */,
				18A22F3D28DD5DD600A77489 /* NoteApp.xcdatamodeld in Sources */,
				189DA90328DEFD2700B377C5 /* NoteCellCollectionViewCell.swift in Sources */,
				18A22F5628DD603000A77489 /* LoginScreenController.swift in Sources */,
			);
			runOnlyForDeploymentPostprocessing = 0;
		};
/* End PBXSourcesBuildPhase section */

/* Begin PBXVariantGroup section */
		18A22F3828DD5DD600A77489 /* Main.storyboard */ = {
			isa = PBXVariantGroup;
			children = (
				18A22F3928DD5DD600A77489 /* Base */,
			);
			name = Main.storyboard;
			sourceTree = "<group>";
		};
		18A22F4028DD5DD800A77489 /* LaunchScreen.storyboard */ = {
			isa = PBXVariantGroup;
			children = (
				18A22F4128DD5DD800A77489 /* Base */,
			);
			name = LaunchScreen.storyboard;
			sourceTree = "<group>";
		};
/* End PBXVariantGroup section */

/* Begin XCBuildConfiguration section */
		18A22F4428DD5DD800A77489 /* Debug */ = {
			isa = XCBuildConfiguration;
			buildSettings = {
				ALWAYS_SEARCH_USER_PATHS = NO;
				CLANG_ANALYZER_NONNULL = YES;
				CLANG_ANALYZER_NUMBER_OBJECT_CONVERSION = YES_AGGRESSIVE;
				CLANG_CXX_LANGUAGE_STANDARD = "gnu++17";
				CLANG_ENABLE_MODULES = YES;
				CLANG_ENABLE_OBJC_ARC = YES;
				CLANG_ENABLE_OBJC_WEAK = YES;
				CLANG_WARN_BLOCK_CAPTURE_AUTORELEASING = YES;
				CLANG_WARN_BOOL_CONVERSION = YES;
				CLANG_WARN_COMMA = YES;
				CLANG_WARN_CONSTANT_CONVERSION = YES;
				CLANG_WARN_DEPRECATED_OBJC_IMPLEMENTATIONS = YES;
				CLANG_WARN_DIRECT_OBJC_ISA_USAGE = YES_ERROR;
				CLANG_WARN_DOCUMENTATION_COMMENTS = YES;
				CLANG_WARN_EMPTY_BODY = YES;
				CLANG_WARN_ENUM_CONVERSION = YES;
				CLANG_WARN_INFINITE_RECURSION = YES;
				CLANG_WARN_INT_CONVERSION = YES;
				CLANG_WARN_NON_LITERAL_NULL_CONVERSION = YES;
				CLANG_WARN_OBJC_IMPLICIT_RETAIN_SELF = YES;
				CLANG_WARN_OBJC_LITERAL_CONVERSION = YES;
				CLANG_WARN_OBJC_ROOT_CLASS = YES_ERROR;
				CLANG_WARN_QUOTED_INCLUDE_IN_FRAMEWORK_HEADER = YES;
				CLANG_WARN_RANGE_LOOP_ANALYSIS = YES;
				CLANG_WARN_STRICT_PROTOTYPES = YES;
				CLANG_WARN_SUSPICIOUS_MOVE = YES;
				CLANG_WARN_UNGUARDED_AVAILABILITY = YES_AGGRESSIVE;
				CLANG_WARN_UNREACHABLE_CODE = YES;
				CLANG_WARN__DUPLICATE_METHOD_MATCH = YES;
				COPY_PHASE_STRIP = NO;
				DEBUG_INFORMATION_FORMAT = dwarf;
				ENABLE_STRICT_OBJC_MSGSEND = YES;
				ENABLE_TESTABILITY = YES;
				GCC_C_LANGUAGE_STANDARD = gnu11;
				GCC_DYNAMIC_NO_PIC = NO;
				GCC_NO_COMMON_BLOCKS = YES;
				GCC_OPTIMIZATION_LEVEL = 0;
				GCC_PREPROCESSOR_DEFINITIONS = (
					"DEBUG=1",
					"$(inherited)",
				);
				GCC_WARN_64_TO_32_BIT_CONVERSION = YES;
				GCC_WARN_ABOUT_RETURN_TYPE = YES_ERROR;
				GCC_WARN_UNDECLARED_SELECTOR = YES;
				GCC_WARN_UNINITIALIZED_AUTOS = YES_AGGRESSIVE;
				GCC_WARN_UNUSED_FUNCTION = YES;
				GCC_WARN_UNUSED_VARIABLE = YES;
				IPHONEOS_DEPLOYMENT_TARGET = 15.5;
				MTL_ENABLE_DEBUG_INFO = INCLUDE_SOURCE;
				MTL_FAST_MATH = YES;
				ONLY_ACTIVE_ARCH = YES;
				SDKROOT = iphoneos;
				SWIFT_ACTIVE_COMPILATION_CONDITIONS = DEBUG;
				SWIFT_OPTIMIZATION_LEVEL = "-Onone";
			};
			name = Debug;
		};
		18A22F4528DD5DD800A77489 /* Release */ = {
			isa = XCBuildConfiguration;
			buildSettings = {
				ALWAYS_SEARCH_USER_PATHS = NO;
				CLANG_ANALYZER_NONNULL = YES;
				CLANG_ANALYZER_NUMBER_OBJECT_CONVERSION = YES_AGGRESSIVE;
				CLANG_CXX_LANGUAGE_STANDARD = "gnu++17";
				CLANG_ENABLE_MODULES = YES;
				CLANG_ENABLE_OBJC_ARC = YES;
				CLANG_ENABLE_OBJC_WEAK = YES;
				CLANG_WARN_BLOCK_CAPTURE_AUTORELEASING = YES;
				CLANG_WARN_BOOL_CONVERSION = YES;
				CLANG_WARN_COMMA = YES;
				CLANG_WARN_CONSTANT_CONVERSION = YES;
				CLANG_WARN_DEPRECATED_OBJC_IMPLEMENTATIONS = YES;
				CLANG_WARN_DIRECT_OBJC_ISA_USAGE = YES_ERROR;
				CLANG_WARN_DOCUMENTATION_COMMENTS = YES;
				CLANG_WARN_EMPTY_BODY = YES;
				CLANG_WARN_ENUM_CONVERSION = YES;
				CLANG_WARN_INFINITE_RECURSION = YES;
				CLANG_WARN_INT_CONVERSION = YES;
				CLANG_WARN_NON_LITERAL_NULL_CONVERSION = YES;
				CLANG_WARN_OBJC_IMPLICIT_RETAIN_SELF = YES;
				CLANG_WARN_OBJC_LITERAL_CONVERSION = YES;
				CLANG_WARN_OBJC_ROOT_CLASS = YES_ERROR;
				CLANG_WARN_QUOTED_INCLUDE_IN_FRAMEWORK_HEADER = YES;
				CLANG_WARN_RANGE_LOOP_ANALYSIS = YES;
				CLANG_WARN_STRICT_PROTOTYPES = YES;
				CLANG_WARN_SUSPICIOUS_MOVE = YES;
				CLANG_WARN_UNGUARDED_AVAILABILITY = YES_AGGRESSIVE;
				CLANG_WARN_UNREACHABLE_CODE = YES;
				CLANG_WARN__DUPLICATE_METHOD_MATCH = YES;
				COPY_PHASE_STRIP = NO;
				DEBUG_INFORMATION_FORMAT = "dwarf-with-dsym";
				ENABLE_NS_ASSERTIONS = NO;
				ENABLE_STRICT_OBJC_MSGSEND = YES;
				GCC_C_LANGUAGE_STANDARD = gnu11;
				GCC_NO_COMMON_BLOCKS = YES;
				GCC_WARN_64_TO_32_BIT_CONVERSION = YES;
				GCC_WARN_ABOUT_RETURN_TYPE = YES_ERROR;
				GCC_WARN_UNDECLARED_SELECTOR = YES;
				GCC_WARN_UNINITIALIZED_AUTOS = YES_AGGRESSIVE;
				GCC_WARN_UNUSED_FUNCTION = YES;
				GCC_WARN_UNUSED_VARIABLE = YES;
				IPHONEOS_DEPLOYMENT_TARGET = 15.5;
				MTL_ENABLE_DEBUG_INFO = NO;
				MTL_FAST_MATH = YES;
				SDKROOT = iphoneos;
				SWIFT_COMPILATION_MODE = wholemodule;
				SWIFT_OPTIMIZATION_LEVEL = "-O";
				VALIDATE_PRODUCT = YES;
			};
			name = Release;
		};
		18A22F4728DD5DD800A77489 /* Debug */ = {
			isa = XCBuildConfiguration;
			baseConfigurationReference = 6E6135A5523EE2787771A2D6 /* Pods-NoteApp.debug.xcconfig */;
			buildSettings = {
				ASSETCATALOG_COMPILER_APPICON_NAME = AppIcon;
				ASSETCATALOG_COMPILER_GLOBAL_ACCENT_COLOR_NAME = AccentColor;
				CODE_SIGN_STYLE = Automatic;
				CURRENT_PROJECT_VERSION = 1;
				DEVELOPMENT_TEAM = BZD66Y59V5;
				GENERATE_INFOPLIST_FILE = YES;
				INFOPLIST_FILE = NoteApp/Info.plist;
				INFOPLIST_KEY_UIApplicationSupportsIndirectInputEvents = YES;
				INFOPLIST_KEY_UILaunchStoryboardName = LaunchScreen;
				INFOPLIST_KEY_UIStatusBarHidden = NO;
				INFOPLIST_KEY_UISupportedInterfaceOrientations = UIInterfaceOrientationPortrait;
				INFOPLIST_KEY_UISupportedInterfaceOrientations_iPad = "UIInterfaceOrientationPortrait UIInterfaceOrientationPortraitUpsideDown UIInterfaceOrientationLandscapeLeft UIInterfaceOrientationLandscapeRight";
				INFOPLIST_KEY_UISupportedInterfaceOrientations_iPhone = "UIInterfaceOrientationPortrait UIInterfaceOrientationLandscapeLeft UIInterfaceOrientationLandscapeRight";
				LD_RUNPATH_SEARCH_PATHS = (
					"$(inherited)",
					"@executable_path/Frameworks",
				);
				MARKETING_VERSION = 1.0;
				PRODUCT_BUNDLE_IDENTIFIER = "Duy-Thai.NoteApp";
				PRODUCT_NAME = "$(TARGET_NAME)";
				SWIFT_EMIT_LOC_STRINGS = YES;
				SWIFT_VERSION = 5.0;
				TARGETED_DEVICE_FAMILY = "1,2";
			};
			name = Debug;
		};
		18A22F4828DD5DD800A77489 /* Release */ = {
			isa = XCBuildConfiguration;
			baseConfigurationReference = C01BD2C86EC033AD906DE8AC /* Pods-NoteApp.release.xcconfig */;
			buildSettings = {
				ASSETCATALOG_COMPILER_APPICON_NAME = AppIcon;
				ASSETCATALOG_COMPILER_GLOBAL_ACCENT_COLOR_NAME = AccentColor;
				CODE_SIGN_STYLE = Automatic;
				CURRENT_PROJECT_VERSION = 1;
				DEVELOPMENT_TEAM = BZD66Y59V5;
				GENERATE_INFOPLIST_FILE = YES;
				INFOPLIST_FILE = NoteApp/Info.plist;
				INFOPLIST_KEY_UIApplicationSupportsIndirectInputEvents = YES;
				INFOPLIST_KEY_UILaunchStoryboardName = LaunchScreen;
				INFOPLIST_KEY_UIStatusBarHidden = NO;
				INFOPLIST_KEY_UISupportedInterfaceOrientations = UIInterfaceOrientationPortrait;
				INFOPLIST_KEY_UISupportedInterfaceOrientations_iPad = "UIInterfaceOrientationPortrait UIInterfaceOrientationPortraitUpsideDown UIInterfaceOrientationLandscapeLeft UIInterfaceOrientationLandscapeRight";
				INFOPLIST_KEY_UISupportedInterfaceOrientations_iPhone = "UIInterfaceOrientationPortrait UIInterfaceOrientationLandscapeLeft UIInterfaceOrientationLandscapeRight";
				LD_RUNPATH_SEARCH_PATHS = (
					"$(inherited)",
					"@executable_path/Frameworks",
				);
				MARKETING_VERSION = 1.0;
				PRODUCT_BUNDLE_IDENTIFIER = "Duy-Thai.NoteApp";
				PRODUCT_NAME = "$(TARGET_NAME)";
				SWIFT_EMIT_LOC_STRINGS = YES;
				SWIFT_VERSION = 5.0;
				TARGETED_DEVICE_FAMILY = "1,2";
			};
			name = Release;
		};
/* End XCBuildConfiguration section */

/* Begin XCConfigurationList section */
		18A22F2A28DD5DD600A77489 /* Build configuration list for PBXProject "NoteApp" */ = {
			isa = XCConfigurationList;
			buildConfigurations = (
				18A22F4428DD5DD800A77489 /* Debug */,
				18A22F4528DD5DD800A77489 /* Release */,
			);
			defaultConfigurationIsVisible = 0;
			defaultConfigurationName = Release;
		};
		18A22F4628DD5DD800A77489 /* Build configuration list for PBXNativeTarget "NoteApp" */ = {
			isa = XCConfigurationList;
			buildConfigurations = (
				18A22F4728DD5DD800A77489 /* Debug */,
				18A22F4828DD5DD800A77489 /* Release */,
			);
			defaultConfigurationIsVisible = 0;
			defaultConfigurationName = Release;
		};
/* End XCConfigurationList section */

/* Begin XCVersionGroup section */
		18A22F3B28DD5DD600A77489 /* NoteApp.xcdatamodeld */ = {
			isa = XCVersionGroup;
			children = (
				18A22F3C28DD5DD600A77489 /* NoteApp.xcdatamodel */,
			);
			currentVersion = 18A22F3C28DD5DD600A77489 /* NoteApp.xcdatamodel */;
			path = NoteApp.xcdatamodeld;
			sourceTree = "<group>";
			versionGroupType = wrapper.xcdatamodel;
		};
/* End XCVersionGroup section */
	};
	rootObject = 18A22F2728DD5DD600A77489 /* Project object */;
}
